
Microsoft Visual Studio Solution File, Format Version 12.00
# Visual Studio Version 16
VisualStudioVersion = 16.0.34931.43
MinimumVisualStudioVersion = 10.0.40219.1
Project("{FAE04EC0-301F-11D3-BF4B-00C04F79EFBC}") = "ConsoleApp 14", "ConsoleApp 14.csproj", "{EA812D25-1876-4FFD-B9C9-7DCD85C2E985}"
EndProject
Global
	GlobalSection(SolutionConfigurationPlatforms) = preSolution
		Debug|Any CPU = Debug|Any CPU
		Release|Any CPU = Release|Any CPU
	EndGlobalSection
	GlobalSection(ProjectConfigurationPlatforms) = postSolution
		{EA812D25-1876-4FFD-B9C9-7DCD85C2E985}.Debug|Any CPU.ActiveCfg = Debug|Any CPU
		{EA812D25-1876-4FFD-B9C9-7DCD85C2E985}.Debug|Any CPU.Build.0 = Debug|Any CPU
		{EA812D25-1876-4FFD-B9C9-7DCD85C2E985}.Release|Any CPU.ActiveCfg = Release|Any CPU
		{EA812D25-1876-4FFD-B9C9-7DCD85C2E985}.Release|Any CPU.Build.0 = Release|Any CPU
	EndGlobalSection
	GlobalSection(SolutionProperties) = preSolution
		HideSolutionNode = FALSE
	EndGlobalSection
	GlobalSection(ExtensibilityGlobals) = postSolution
		SolutionGuid = {4914206C-68BA-4865-9DBD-087122FBCBA1}
	EndGlobalSection
EndGlobal
